
Microsoft Visual Studio Solution File, Format Version 12.00
# Visual Studio Version 16
VisualStudioVersion = 16.0.29306.81
MinimumVisualStudioVersion = 10.0.40219.1
Project("{FAE04EC0-301F-11D3-BF4B-00C04F79EFBC}") = "pib", "pib.csproj", "{D0628F07-9D33-42A4-96A0-F10DD159A819}"
EndProject
Global
	GlobalSection(SolutionConfigurationPlatforms) = preSolution
		Debug|Any CPU = Debug|Any CPU
		Release|Any CPU = Release|Any CPU
	EndGlobalSection
	GlobalSection(ProjectConfigurationPlatforms) = postSolution
		{D0628F07-9D33-42A4-96A0-F10DD159A819}.Debug|Any CPU.ActiveCfg = Debug|Any CPU
		{D0628F07-9D33-42A4-96A0-F10DD159A819}.Debug|Any CPU.Build.0 = Debug|Any CPU
		{D0628F07-9D33-42A4-96A0-F10DD159A819}.Release|Any CPU.ActiveCfg = Release|Any CPU
		{D0628F07-9D33-42A4-96A0-F10DD159A819}.Release|Any CPU.Build.0 = Release|Any CPU
	EndGlobalSection
	GlobalSection(SolutionProperties) = preSolution
		HideSolutionNode = FALSE
	EndGlobalSection
	GlobalSection(ExtensibilityGlobals) = postSolution
		SolutionGuid = {DC7C4894-1BA0-4EFC-AB6E-213FDC08FD6F}
	EndGlobalSection
EndGlobal
